
Microsoft Visual Studio Solution File, Format Version 11.00
# Visual Studio 2010
Project("{FAE04EC0-301F-11D3-BF4B-00C04F79EFBC}") = "Assembly-CSharp", "Assembly-CSharp.csproj", "{021858E1-835A-FE85-E16C-D6A9314E0CBF}"
EndProject
Project("{FAE04EC0-301F-11D3-BF4B-00C04F79EFBC}") = "Assembly-CSharp-Editor", "Assembly-CSharp-Editor.csproj", "{1C02AC6C-E889-34A6-B9D3-9F9C45FBC6D1}"
EndProject
Global
	GlobalSection(SolutionConfigurationPlatforms) = preSolution
		Debug|Any CPU = Debug|Any CPU
		Release|Any CPU = Release|Any CPU
	EndGlobalSection
	GlobalSection(ProjectConfigurationPlatforms) = postSolution
		{021858E1-835A-FE85-E16C-D6A9314E0CBF}.Debug|Any CPU.ActiveCfg = Debug|Any CPU
		{021858E1-835A-FE85-E16C-D6A9314E0CBF}.Debug|Any CPU.Build.0 = Debug|Any CPU
		{021858E1-835A-FE85-E16C-D6A9314E0CBF}.Release|Any CPU.ActiveCfg = Release|Any CPU
		{021858E1-835A-FE85-E16C-D6A9314E0CBF}.Release|Any CPU.Build.0 = Release|Any CPU
		{1C02AC6C-E889-34A6-B9D3-9F9C45FBC6D1}.Debug|Any CPU.ActiveCfg = Debug|Any CPU
		{1C02AC6C-E889-34A6-B9D3-9F9C45FBC6D1}.Debug|Any CPU.Build.0 = Debug|Any CPU
		{1C02AC6C-E889-34A6-B9D3-9F9C45FBC6D1}.Release|Any CPU.ActiveCfg = Release|Any CPU
		{1C02AC6C-E889-34A6-B9D3-9F9C45FBC6D1}.Release|Any CPU.Build.0 = Release|Any CPU
	EndGlobalSection
	GlobalSection(SolutionProperties) = preSolution
		HideSolutionNode = FALSE
	EndGlobalSection
	GlobalSection(MonoDevelopProperties) = preSolution
		StartupItem = Assembly-CSharp.csproj
	EndGlobalSection
EndGlobal
